
Microsoft Visual Studio Solution File, Format Version 12.00
# Visual Studio Version 17
VisualStudioVersion = 17.5.33516.290
MinimumVisualStudioVersion = 10.0.40219.1
Project("{9A19103F-16F7-4668-BE54-9A1E7A4F7556}") = "Algorithms", "Algorithms.csproj", "{2971FC7A-73D1-4AA8-B6A1-C77351E03657}"
EndProject
Project("{9A19103F-16F7-4668-BE54-9A1E7A4F7556}") = "TestUnit", "..\TestUnit\TestUnit.csproj", "{CC31BB3E-B546-4E1D-A537-C2C8D91F74AB}"
EndProject
Global
	GlobalSection(SolutionConfigurationPlatforms) = preSolution
		Debug|Any CPU = Debug|Any CPU
		Release|Any CPU = Release|Any CPU
	EndGlobalSection
	GlobalSection(ProjectConfigurationPlatforms) = postSolution
		{2971FC7A-73D1-4AA8-B6A1-C77351E03657}.Debug|Any CPU.ActiveCfg = Debug|Any CPU
		{2971FC7A-73D1-4AA8-B6A1-C77351E03657}.Debug|Any CPU.Build.0 = Debug|Any CPU
		{2971FC7A-73D1-4AA8-B6A1-C77351E03657}.Release|Any CPU.ActiveCfg = Release|Any CPU
		{2971FC7A-73D1-4AA8-B6A1-C77351E03657}.Release|Any CPU.Build.0 = Release|Any CPU
		{CC31BB3E-B546-4E1D-A537-C2C8D91F74AB}.Debug|Any CPU.ActiveCfg = Debug|Any CPU
		{CC31BB3E-B546-4E1D-A537-C2C8D91F74AB}.Debug|Any CPU.Build.0 = Debug|Any CPU
		{CC31BB3E-B546-4E1D-A537-C2C8D91F74AB}.Release|Any CPU.ActiveCfg = Release|Any CPU
		{CC31BB3E-B546-4E1D-A537-C2C8D91F74AB}.Release|Any CPU.Build.0 = Release|Any CPU
	EndGlobalSection
	GlobalSection(SolutionProperties) = preSolution
		HideSolutionNode = FALSE
	EndGlobalSection
	GlobalSection(ExtensibilityGlobals) = postSolution
		SolutionGuid = {2C848AA7-EB3A-43EE-A4AD-AED8E26E2A33}
	EndGlobalSection
EndGlobal
